// !$*UTF8*$!
{
	archiveVersion = 1;
	classes = {
	};
	objectVersion = 46;
	objects = {

/* Begin PBXBuildFile section */
		6105D1F21F3B47610082EB92 /* PythonHttpsRequest.cpp in Sources */ = {isa = PBXBuildFile; fileRef = 6105D1F01F3B47610082EB92 /* PythonHttpsRequest.cpp */; };
		6105D1F51F3B501C0082EB92 /* Python.framework in Frameworks */ = {isa = PBXBuildFile; fileRef = 6105D1F41F3B501C0082EB92 /* Python.framework */; };
		6162ECCB1F2601C600285566 /* Makefile in Sources */ = {isa = PBXBuildFile; fileRef = 6162ECCA1F2601C600285566 /* Makefile */; };
		6190800F1F2514BC002B8DD1 /* PktProtocol.cpp in Sources */ = {isa = PBXBuildFile; fileRef = 6190800D1F2514BC002B8DD1 /* PktProtocol.cpp */; };
		619080121F25159C002B8DD1 /* UART.cpp in Sources */ = {isa = PBXBuildFile; fileRef = 619080101F25159C002B8DD1 /* UART.cpp */; };
		619EA85E1F127543003F6510 /* main.cpp in Sources */ = {isa = PBXBuildFile; fileRef = 619EA85B1F127543003F6510 /* main.cpp */; };
		619EA88C1F1275F2003F6510 /* libopencv_imgproc.3.2.0.dylib in Frameworks */ = {isa = PBXBuildFile; fileRef = 619EA8611F1275F2003F6510 /* libopencv_imgproc.3.2.0.dylib */; };
		619EA88D1F1275F2003F6510 /* libopencv_core.3.2.0.dylib in Frameworks */ = {isa = PBXBuildFile; fileRef = 619EA8621F1275F2003F6510 /* libopencv_core.3.2.0.dylib */; };
		619EA88E1F1275F2003F6510 /* libopencv_dnn.3.2.0.dylib in Frameworks */ = {isa = PBXBuildFile; fileRef = 619EA8631F1275F2003F6510 /* libopencv_dnn.3.2.0.dylib */; };
		619EA88F1F1275F2003F6510 /* libopencv_tracking.3.2.0.dylib in Frameworks */ = {isa = PBXBuildFile; fileRef = 619EA8641F1275F2003F6510 /* libopencv_tracking.3.2.0.dylib */; };
		619EA8901F1275F2003F6510 /* libopencv_xfeatures2d.3.2.0.dylib in Frameworks */ = {isa = PBXBuildFile; fileRef = 619EA8651F1275F2003F6510 /* libopencv_xfeatures2d.3.2.0.dylib */; };
		619EA8911F1275F2003F6510 /* libopencv_imgcodecs.3.2.0.dylib in Frameworks */ = {isa = PBXBuildFile; fileRef = 619EA8661F1275F2003F6510 /* libopencv_imgcodecs.3.2.0.dylib */; };
		619EA8921F1275F2003F6510 /* libopencv_calib3d.3.2.0.dylib in Frameworks */ = {isa = PBXBuildFile; fileRef = 619EA8671F1275F2003F6510 /* libopencv_calib3d.3.2.0.dylib */; };
		619EA8931F1275F2003F6510 /* libopencv_ximgproc.3.2.0.dylib in Frameworks */ = {isa = PBXBuildFile; fileRef = 619EA8681F1275F2003F6510 /* libopencv_ximgproc.3.2.0.dylib */; };
		619EA8941F1275F2003F6510 /* libopencv_photo.3.2.0.dylib in Frameworks */ = {isa = PBXBuildFile; fileRef = 619EA8691F1275F2003F6510 /* libopencv_photo.3.2.0.dylib */; };
		619EA8951F1275F2003F6510 /* libosxfuse.2.dylib in Frameworks */ = {isa = PBXBuildFile; fileRef = 619EA86A1F1275F2003F6510 /* libosxfuse.2.dylib */; };
		619EA8961F1275F2003F6510 /* libopencv_ml.3.2.0.dylib in Frameworks */ = {isa = PBXBuildFile; fileRef = 619EA86B1F1275F2003F6510 /* libopencv_ml.3.2.0.dylib */; };
		619EA8971F1275F2003F6510 /* libopencv_features2d.3.2.0.dylib in Frameworks */ = {isa = PBXBuildFile; fileRef = 619EA86C1F1275F2003F6510 /* libopencv_features2d.3.2.0.dylib */; };
		619EA8981F1275F2003F6510 /* libopencv_ccalib.3.2.0.dylib in Frameworks */ = {isa = PBXBuildFile; fileRef = 619EA86D1F1275F2003F6510 /* libopencv_ccalib.3.2.0.dylib */; };
		619EA8991F1275F2003F6510 /* libopencv_rgbd.3.2.0.dylib in Frameworks */ = {isa = PBXBuildFile; fileRef = 619EA86E1F1275F2003F6510 /* libopencv_rgbd.3.2.0.dylib */; };
		619EA89A1F1275F2003F6510 /* libopencv_xphoto.3.2.0.dylib in Frameworks */ = {isa = PBXBuildFile; fileRef = 619EA86F1F1275F2003F6510 /* libopencv_xphoto.3.2.0.dylib */; };
		619EA89B1F1275F2003F6510 /* libopencv_stitching.3.2.0.dylib in Frameworks */ = {isa = PBXBuildFile; fileRef = 619EA8701F1275F2003F6510 /* libopencv_stitching.3.2.0.dylib */; };
		619EA89C1F1275F2003F6510 /* libopencv_text.3.2.0.dylib in Frameworks */ = {isa = PBXBuildFile; fileRef = 619EA8711F1275F2003F6510 /* libopencv_text.3.2.0.dylib */; };
		619EA89D1F1275F2003F6510 /* libopencv_objdetect.3.2.0.dylib in Frameworks */ = {isa = PBXBuildFile; fileRef = 619EA8721F1275F2003F6510 /* libopencv_objdetect.3.2.0.dylib */; };
		619EA89E1F1275F2003F6510 /* libopencv_optflow.3.2.0.dylib in Frameworks */ = {isa = PBXBuildFile; fileRef = 619EA8731F1275F2003F6510 /* libopencv_optflow.3.2.0.dylib */; };
		619EA89F1F1275F2003F6510 /* libopencv_video.3.2.0.dylib in Frameworks */ = {isa = PBXBuildFile; fileRef = 619EA8741F1275F2003F6510 /* libopencv_video.3.2.0.dylib */; };
		619EA8A01F1275F2003F6510 /* libopencv_flann.3.2.0.dylib in Frameworks */ = {isa = PBXBuildFile; fileRef = 619EA8751F1275F2003F6510 /* libopencv_flann.3.2.0.dylib */; };
		619EA8A11F1275F2003F6510 /* libopencv_datasets.3.2.0.dylib in Frameworks */ = {isa = PBXBuildFile; fileRef = 619EA8761F1275F2003F6510 /* libopencv_datasets.3.2.0.dylib */; };
		619EA8A21F1275F2003F6510 /* libopencv_aruco.3.2.0.dylib in Frameworks */ = {isa = PBXBuildFile; fileRef = 619EA8771F1275F2003F6510 /* libopencv_aruco.3.2.0.dylib */; };
		619EA8A31F1275F2003F6510 /* libopencv_surface_matching.3.2.0.dylib in Frameworks */ = {isa = PBXBuildFile; fileRef = 619EA8781F1275F2003F6510 /* libopencv_surface_matching.3.2.0.dylib */; };
		619EA8A41F1275F2003F6510 /* libopencv_bioinspired.3.2.0.dylib in Frameworks */ = {isa = PBXBuildFile; fileRef = 619EA8791F1275F2003F6510 /* libopencv_bioinspired.3.2.0.dylib */; };
		619EA8A51F1275F2003F6510 /* libopencv_videostab.3.2.0.dylib in Frameworks */ = {isa = PBXBuildFile; fileRef = 619EA87A1F1275F2003F6510 /* libopencv_videostab.3.2.0.dylib */; };
		619EA8A61F1275F2003F6510 /* libopencv_saliency.3.2.0.dylib in Frameworks */ = {isa = PBXBuildFile; fileRef = 619EA87B1F1275F2003F6510 /* libopencv_saliency.3.2.0.dylib */; };
		619EA8A71F1275F2003F6510 /* libopencv_shape.3.2.0.dylib in Frameworks */ = {isa = PBXBuildFile; fileRef = 619EA87C1F1275F2003F6510 /* libopencv_shape.3.2.0.dylib */; };
		619EA8A81F1275F2003F6510 /* libopencv_line_descriptor.3.2.0.dylib in Frameworks */ = {isa = PBXBuildFile; fileRef = 619EA87D1F1275F2003F6510 /* libopencv_line_descriptor.3.2.0.dylib */; };
		619EA8A91F1275F2003F6510 /* libopencv_videoio.3.2.0.dylib in Frameworks */ = {isa = PBXBuildFile; fileRef = 619EA87E1F1275F2003F6510 /* libopencv_videoio.3.2.0.dylib */; };
		619EA8AA1F1275F2003F6510 /* libopencv_superres.3.2.0.dylib in Frameworks */ = {isa = PBXBuildFile; fileRef = 619EA87F1F1275F2003F6510 /* libopencv_superres.3.2.0.dylib */; };
		619EA8AB1F1275F2003F6510 /* libopencv_stereo.3.2.0.dylib in Frameworks */ = {isa = PBXBuildFile; fileRef = 619EA8801F1275F2003F6510 /* libopencv_stereo.3.2.0.dylib */; };
		619EA8AC1F1275F2003F6510 /* libopencv_face.3.2.0.dylib in Frameworks */ = {isa = PBXBuildFile; fileRef = 619EA8811F1275F2003F6510 /* libopencv_face.3.2.0.dylib */; };
		619EA8AD1F1275F2003F6510 /* libopencv_reg.3.2.0.dylib in Frameworks */ = {isa = PBXBuildFile; fileRef = 619EA8821F1275F2003F6510 /* libopencv_reg.3.2.0.dylib */; };
		619EA8AE1F1275F2003F6510 /* libopencv_fuzzy.3.2.0.dylib in Frameworks */ = {isa = PBXBuildFile; fileRef = 619EA8831F1275F2003F6510 /* libopencv_fuzzy.3.2.0.dylib */; };
		619EA8AF1F1275F2003F6510 /* libopencv_dpm.3.2.0.dylib in Frameworks */ = {isa = PBXBuildFile; fileRef = 619EA8841F1275F2003F6510 /* libopencv_dpm.3.2.0.dylib */; };
		619EA8B01F1275F2003F6510 /* libopencv_structured_light.3.2.0.dylib in Frameworks */ = {isa = PBXBuildFile; fileRef = 619EA8851F1275F2003F6510 /* libopencv_structured_light.3.2.0.dylib */; };
		619EA8B11F1275F2003F6510 /* libopencv_xobjdetect.3.2.0.dylib in Frameworks */ = {isa = PBXBuildFile; fileRef = 619EA8861F1275F2003F6510 /* libopencv_xobjdetect.3.2.0.dylib */; };
		619EA8B21F1275F2003F6510 /* libopencv_img_hash.3.2.0.dylib in Frameworks */ = {isa = PBXBuildFile; fileRef = 619EA8871F1275F2003F6510 /* libopencv_img_hash.3.2.0.dylib */; };
		619EA8B31F1275F2003F6510 /* libopencv_highgui.3.2.0.dylib in Frameworks */ = {isa = PBXBuildFile; fileRef = 619EA8881F1275F2003F6510 /* libopencv_highgui.3.2.0.dylib */; };
		619EA8B41F1275F2003F6510 /* libopencv_bgsegm.3.2.0.dylib in Frameworks */ = {isa = PBXBuildFile; fileRef = 619EA8891F1275F2003F6510 /* libopencv_bgsegm.3.2.0.dylib */; };
		619EA8B51F1275F2003F6510 /* libopencv_plot.3.2.0.dylib in Frameworks */ = {isa = PBXBuildFile; fileRef = 619EA88A1F1275F2003F6510 /* libopencv_plot.3.2.0.dylib */; };
		619EA8B61F1275F2003F6510 /* libopencv_phase_unwrapping.3.2.0.dylib in Frameworks */ = {isa = PBXBuildFile; fileRef = 619EA88B1F1275F2003F6510 /* libopencv_phase_unwrapping.3.2.0.dylib */; };
/* End PBXBuildFile section */

/* Begin PBXCopyFilesBuildPhase section */
		619EA84F1F127497003F6510 /* CopyFiles */ = {
			isa = PBXCopyFilesBuildPhase;
			buildActionMask = 2147483647;
			dstPath = /usr/share/man/man1/;
			dstSubfolderSpec = 0;
			files = (
			);
			runOnlyForDeploymentPostprocessing = 1;
		};
/* End PBXCopyFilesBuildPhase section */

/* Begin PBXFileReference section */
		6105D1F01F3B47610082EB92 /* PythonHttpsRequest.cpp */ = {isa = PBXFileReference; fileEncoding = 4; lastKnownFileType = sourcecode.cpp.cpp; path = PythonHttpsRequest.cpp; sourceTree = "<group>"; };
		6105D1F11F3B47610082EB92 /* PythonHttpsRequest.hpp */ = {isa = PBXFileReference; fileEncoding = 4; lastKnownFileType = sourcecode.cpp.h; path = PythonHttpsRequest.hpp; sourceTree = "<group>"; };
		6105D1F41F3B501C0082EB92 /* Python.framework */ = {isa = PBXFileReference; lastKnownFileType = wrapper.framework; name = Python.framework; path = System/Library/Frameworks/Python.framework; sourceTree = SDKROOT; };
		6141AA631F34CF9F004C5BE7 /* Adafruit_GPS.cpp */ = {isa = PBXFileReference; lastKnownFileType = sourcecode.cpp.cpp; path = Adafruit_GPS.cpp; sourceTree = "<group>"; };
		6141AA641F34CF9F004C5BE7 /* Adafruit_GPS.h */ = {isa = PBXFileReference; lastKnownFileType = sourcecode.c.h; path = Adafruit_GPS.h; sourceTree = "<group>"; };
		6141AA651F34CF9F004C5BE7 /* Compass.cpp */ = {isa = PBXFileReference; lastKnownFileType = sourcecode.cpp.cpp; path = Compass.cpp; sourceTree = "<group>"; };
		6141AA661F34CF9F004C5BE7 /* Compass.h */ = {isa = PBXFileReference; lastKnownFileType = sourcecode.c.h; path = Compass.h; sourceTree = "<group>"; };
		6141AA671F34CF9F004C5BE7 /* GpsModule.cpp */ = {isa = PBXFileReference; lastKnownFileType = sourcecode.cpp.cpp; path = GpsModule.cpp; sourceTree = "<group>"; };
		6141AA681F34CF9F004C5BE7 /* GpsModule.h */ = {isa = PBXFileReference; lastKnownFileType = sourcecode.c.h; path = GpsModule.h; sourceTree = "<group>"; };
		6141AA691F34CF9F004C5BE7 /* HMC5883L.cpp */ = {isa = PBXFileReference; lastKnownFileType = sourcecode.cpp.cpp; path = HMC5883L.cpp; sourceTree = "<group>"; };
		6141AA6A1F34CF9F004C5BE7 /* HMC5883L.h */ = {isa = PBXFileReference; lastKnownFileType = sourcecode.c.h; path = HMC5883L.h; sourceTree = "<group>"; };
		6141AA6B1F34CF9F004C5BE7 /* PktProtocol.cpp */ = {isa = PBXFileReference; lastKnownFileType = sourcecode.cpp.cpp; path = PktProtocol.cpp; sourceTree = "<group>"; };
		6141AA6C1F34CF9F004C5BE7 /* PktProtocol.h */ = {isa = PBXFileReference; lastKnownFileType = sourcecode.c.h; path = PktProtocol.h; sourceTree = "<group>"; };
		6141AA6D1F34CF9F004C5BE7 /* Raccoon_Firmware.ino */ = {isa = PBXFileReference; lastKnownFileType = text; path = Raccoon_Firmware.ino; sourceTree = "<group>"; };
		6141AA6E1F34CF9F004C5BE7 /* SerialComm.cpp */ = {isa = PBXFileReference; lastKnownFileType = sourcecode.cpp.cpp; path = SerialComm.cpp; sourceTree = "<group>"; };
		6141AA6F1F34CF9F004C5BE7 /* SerialComm.h */ = {isa = PBXFileReference; lastKnownFileType = sourcecode.c.h; path = SerialComm.h; sourceTree = "<group>"; };
		6141AA701F34CF9F004C5BE7 /* StepMotor.cpp */ = {isa = PBXFileReference; lastKnownFileType = sourcecode.cpp.cpp; path = StepMotor.cpp; sourceTree = "<group>"; };
		6141AA711F34CF9F004C5BE7 /* StepMotor.h */ = {isa = PBXFileReference; lastKnownFileType = sourcecode.c.h; path = StepMotor.h; sourceTree = "<group>"; };
		6162ECC91F26019000285566 /* json.hpp */ = {isa = PBXFileReference; lastKnownFileType = sourcecode.cpp.h; path = json.hpp; sourceTree = "<group>"; };
		6162ECCA1F2601C600285566 /* Makefile */ = {isa = PBXFileReference; fileEncoding = 4; lastKnownFileType = sourcecode.make; name = Makefile; path = ../Makefile; sourceTree = "<group>"; };
		6190800D1F2514BC002B8DD1 /* PktProtocol.cpp */ = {isa = PBXFileReference; fileEncoding = 4; lastKnownFileType = sourcecode.cpp.cpp; path = PktProtocol.cpp; sourceTree = "<group>"; };
		6190800E1F2514BC002B8DD1 /* PktProtocol.h */ = {isa = PBXFileReference; fileEncoding = 4; lastKnownFileType = sourcecode.c.h; path = PktProtocol.h; sourceTree = "<group>"; };
		619080101F25159C002B8DD1 /* UART.cpp */ = {isa = PBXFileReference; fileEncoding = 4; lastKnownFileType = sourcecode.cpp.cpp; path = UART.cpp; sourceTree = "<group>"; };
		619080111F25159C002B8DD1 /* UART.h */ = {isa = PBXFileReference; fileEncoding = 4; lastKnownFileType = sourcecode.c.h; path = UART.h; sourceTree = "<group>"; };
		619EA8511F127497003F6510 /* Raccoon_Raspi */ = {isa = PBXFileReference; explicitFileType = "compiled.mach-o.executable"; includeInIndex = 0; path = Raccoon_Raspi; sourceTree = BUILT_PRODUCTS_DIR; };
		619EA85B1F127543003F6510 /* main.cpp */ = {isa = PBXFileReference; fileEncoding = 4; lastKnownFileType = sourcecode.cpp.cpp; path = main.cpp; sourceTree = "<group>"; };
		619EA8611F1275F2003F6510 /* libopencv_imgproc.3.2.0.dylib */ = {isa = PBXFileReference; lastKnownFileType = "compiled.mach-o.dylib"; name = libopencv_imgproc.3.2.0.dylib; path = ../../../../../../../usr/local/lib/libopencv_imgproc.3.2.0.dylib; sourceTree = "<group>"; };
		619EA8621F1275F2003F6510 /* libopencv_core.3.2.0.dylib */ = {isa = PBXFileReference; lastKnownFileType = "compiled.mach-o.dylib"; name = libopencv_core.3.2.0.dylib; path = ../../../../../../../usr/local/lib/libopencv_core.3.2.0.dylib; sourceTree = "<group>"; };
		619EA8631F1275F2003F6510 /* libopencv_dnn.3.2.0.dylib */ = {isa = PBXFileReference; lastKnownFileType = "compiled.mach-o.dylib"; name = libopencv_dnn.3.2.0.dylib; path = ../../../../../../../usr/local/lib/libopencv_dnn.3.2.0.dylib; sourceTree = "<group>"; };
		619EA8641F1275F2003F6510 /* libopencv_tracking.3.2.0.dylib */ = {isa = PBXFileReference; lastKnownFileType = "compiled.mach-o.dylib"; name = libopencv_tracking.3.2.0.dylib; path = ../../../../../../../usr/local/lib/libopencv_tracking.3.2.0.dylib; sourceTree = "<group>"; };
		619EA8651F1275F2003F6510 /* libopencv_xfeatures2d.3.2.0.dylib */ = {isa = PBXFileReference; lastKnownFileType = "compiled.mach-o.dylib"; name = libopencv_xfeatures2d.3.2.0.dylib; path = ../../../../../../../usr/local/lib/libopencv_xfeatures2d.3.2.0.dylib; sourceTree = "<group>"; };
		619EA8661F1275F2003F6510 /* libopencv_imgcodecs.3.2.0.dylib */ = {isa = PBXFileReference; lastKnownFileType = "compiled.mach-o.dylib"; name = libopencv_imgcodecs.3.2.0.dylib; path = ../../../../../../../usr/local/lib/libopencv_imgcodecs.3.2.0.dylib; sourceTree = "<group>"; };
		619EA8671F1275F2003F6510 /* libopencv_calib3d.3.2.0.dylib */ = {isa = PBXFileReference; lastKnownFileType = "compiled.mach-o.dylib"; name = libopencv_calib3d.3.2.0.dylib; path = ../../../../../../../usr/local/lib/libopencv_calib3d.3.2.0.dylib; sourceTree = "<group>"; };
		619EA8681F1275F2003F6510 /* libopencv_ximgproc.3.2.0.dylib */ = {isa = PBXFileReference; lastKnownFileType = "compiled.mach-o.dylib"; name = libopencv_ximgproc.3.2.0.dylib; path = ../../../../../../../usr/local/lib/libopencv_ximgproc.3.2.0.dylib; sourceTree = "<group>"; };
		619EA8691F1275F2003F6510 /* libopencv_photo.3.2.0.dylib */ = {isa = PBXFileReference; lastKnownFileType = "compiled.mach-o.dylib"; name = libopencv_photo.3.2.0.dylib; path = ../../../../../../../usr/local/lib/libopencv_photo.3.2.0.dylib; sourceTree = "<group>"; };
		619EA86A1F1275F2003F6510 /* libosxfuse.2.dylib */ = {isa = PBXFileReference; lastKnownFileType = "compiled.mach-o.dylib"; name = libosxfuse.2.dylib; path = ../../../../../../../usr/local/lib/libosxfuse.2.dylib; sourceTree = "<group>"; };
		619EA86B1F1275F2003F6510 /* libopencv_ml.3.2.0.dylib */ = {isa = PBXFileReference; lastKnownFileType = "compiled.mach-o.dylib"; name = libopencv_ml.3.2.0.dylib; path = ../../../../../../../usr/local/lib/libopencv_ml.3.2.0.dylib; sourceTree = "<group>"; };
		619EA86C1F1275F2003F6510 /* libopencv_features2d.3.2.0.dylib */ = {isa = PBXFileReference; lastKnownFileType = "compiled.mach-o.dylib"; name = libopencv_features2d.3.2.0.dylib; path = ../../../../../../../usr/local/lib/libopencv_features2d.3.2.0.dylib; sourceTree = "<group>"; };
		619EA86D1F1275F2003F6510 /* libopencv_ccalib.3.2.0.dylib */ = {isa = PBXFileReference; lastKnownFileType = "compiled.mach-o.dylib"; name = libopencv_ccalib.3.2.0.dylib; path = ../../../../../../../usr/local/lib/libopencv_ccalib.3.2.0.dylib; sourceTree = "<group>"; };
		619EA86E1F1275F2003F6510 /* libopencv_rgbd.3.2.0.dylib */ = {isa = PBXFileReference; lastKnownFileType = "compiled.mach-o.dylib"; name = libopencv_rgbd.3.2.0.dylib; path = ../../../../../../../usr/local/lib/libopencv_rgbd.3.2.0.dylib; sourceTree = "<group>"; };
		619EA86F1F1275F2003F6510 /* libopencv_xphoto.3.2.0.dylib */ = {isa = PBXFileReference; lastKnownFileType = "compiled.mach-o.dylib"; name = libopencv_xphoto.3.2.0.dylib; path = ../../../../../../../usr/local/lib/libopencv_xphoto.3.2.0.dylib; sourceTree = "<group>"; };
		619EA8701F1275F2003F6510 /* libopencv_stitching.3.2.0.dylib */ = {isa = PBXFileReference; lastKnownFileType = "compiled.mach-o.dylib"; name = libopencv_stitching.3.2.0.dylib; path = ../../../../../../../usr/local/lib/libopencv_stitching.3.2.0.dylib; sourceTree = "<group>"; };
		619EA8711F1275F2003F6510 /* libopencv_text.3.2.0.dylib */ = {isa = PBXFileReference; lastKnownFileType = "compiled.mach-o.dylib"; name = libopencv_text.3.2.0.dylib; path = ../../../../../../../usr/local/lib/libopencv_text.3.2.0.dylib; sourceTree = "<group>"; };
		619EA8721F1275F2003F6510 /* libopencv_objdetect.3.2.0.dylib */ = {isa = PBXFileReference; lastKnownFileType = "compiled.mach-o.dylib"; name = libopencv_objdetect.3.2.0.dylib; path = ../../../../../../../usr/local/lib/libopencv_objdetect.3.2.0.dylib; sourceTree = "<group>"; };
		619EA8731F1275F2003F6510 /* libopencv_optflow.3.2.0.dylib */ = {isa = PBXFileReference; lastKnownFileType = "compiled.mach-o.dylib"; name = libopencv_optflow.3.2.0.dylib; path = ../../../../../../../usr/local/lib/libopencv_optflow.3.2.0.dylib; sourceTree = "<group>"; };
		619EA8741F1275F2003F6510 /* libopencv_video.3.2.0.dylib */ = {isa = PBXFileReference; lastKnownFileType = "compiled.mach-o.dylib"; name = libopencv_video.3.2.0.dylib; path = ../../../../../../../usr/local/lib/libopencv_video.3.2.0.dylib; sourceTree = "<group>"; };
		619EA8751F1275F2003F6510 /* libopencv_flann.3.2.0.dylib */ = {isa = PBXFileReference; lastKnownFileType = "compiled.mach-o.dylib"; name = libopencv_flann.3.2.0.dylib; path = ../../../../../../../usr/local/lib/libopencv_flann.3.2.0.dylib; sourceTree = "<group>"; };
		619EA8761F1275F2003F6510 /* libopencv_datasets.3.2.0.dylib */ = {isa = PBXFileReference; lastKnownFileType = "compiled.mach-o.dylib"; name = libopencv_datasets.3.2.0.dylib; path = ../../../../../../../usr/local/lib/libopencv_datasets.3.2.0.dylib; sourceTree = "<group>"; };
		619EA8771F1275F2003F6510 /* libopencv_aruco.3.2.0.dylib */ = {isa = PBXFileReference; lastKnownFileType = "compiled.mach-o.dylib"; name = libopencv_aruco.3.2.0.dylib; path = ../../../../../../../usr/local/lib/libopencv_aruco.3.2.0.dylib; sourceTree = "<group>"; };
		619EA8781F1275F2003F6510 /* libopencv_surface_matching.3.2.0.dylib */ = {isa = PBXFileReference; lastKnownFileType = "compiled.mach-o.dylib"; name = libopencv_surface_matching.3.2.0.dylib; path = ../../../../../../../usr/local/lib/libopencv_surface_matching.3.2.0.dylib; sourceTree = "<group>"; };
		619EA8791F1275F2003F6510 /* libopencv_bioinspired.3.2.0.dylib */ = {isa = PBXFileReference; lastKnownFileType = "compiled.mach-o.dylib"; name = libopencv_bioinspired.3.2.0.dylib; path = ../../../../../../../usr/local/lib/libopencv_bioinspired.3.2.0.dylib; sourceTree = "<group>"; };
		619EA87A1F1275F2003F6510 /* libopencv_videostab.3.2.0.dylib */ = {isa = PBXFileReference; lastKnownFileType = "compiled.mach-o.dylib"; name = libopencv_videostab.3.2.0.dylib; path = ../../../../../../../usr/local/lib/libopencv_videostab.3.2.0.dylib; sourceTree = "<group>"; };
		619EA87B1F1275F2003F6510 /* libopencv_saliency.3.2.0.dylib */ = {isa = PBXFileReference; lastKnownFileType = "compiled.mach-o.dylib"; name = libopencv_saliency.3.2.0.dylib; path = ../../../../../../../usr/local/lib/libopencv_saliency.3.2.0.dylib; sourceTree = "<group>"; };
		619EA87C1F1275F2003F6510 /* libopencv_shape.3.2.0.dylib */ = {isa = PBXFileReference; lastKnownFileType = "compiled.mach-o.dylib"; name = libopencv_shape.3.2.0.dylib; path = ../../../../../../../usr/local/lib/libopencv_shape.3.2.0.dylib; sourceTree = "<group>"; };
		619EA87D1F1275F2003F6510 /* libopencv_line_descriptor.3.2.0.dylib */ = {isa = PBXFileReference; lastKnownFileType = "compiled.mach-o.dylib"; name = libopencv_line_descriptor.3.2.0.dylib; path = ../../../../../../../usr/local/lib/libopencv_line_descriptor.3.2.0.dylib; sourceTree = "<group>"; };
		619EA87E1F1275F2003F6510 /* libopencv_videoio.3.2.0.dylib */ = {isa = PBXFileReference; lastKnownFileType = "compiled.mach-o.dylib"; name = libopencv_videoio.3.2.0.dylib; path = ../../../../../../../usr/local/lib/libopencv_videoio.3.2.0.dylib; sourceTree = "<group>"; };
		619EA87F1F1275F2003F6510 /* libopencv_superres.3.2.0.dylib */ = {isa = PBXFileReference; lastKnownFileType = "compiled.mach-o.dylib"; name = libopencv_superres.3.2.0.dylib; path = ../../../../../../../usr/local/lib/libopencv_superres.3.2.0.dylib; sourceTree = "<group>"; };
		619EA8801F1275F2003F6510 /* libopencv_stereo.3.2.0.dylib */ = {isa = PBXFileReference; lastKnownFileType = "compiled.mach-o.dylib"; name = libopencv_stereo.3.2.0.dylib; path = ../../../../../../../usr/local/lib/libopencv_stereo.3.2.0.dylib; sourceTree = "<group>"; };
		619EA8811F1275F2003F6510 /* libopencv_face.3.2.0.dylib */ = {isa = PBXFileReference; lastKnownFileType = "compiled.mach-o.dylib"; name = libopencv_face.3.2.0.dylib; path = ../../../../../../../usr/local/lib/libopencv_face.3.2.0.dylib; sourceTree = "<group>"; };
		619EA8821F1275F2003F6510 /* libopencv_reg.3.2.0.dylib */ = {isa = PBXFileReference; lastKnownFileType = "compiled.mach-o.dylib"; name = libopencv_reg.3.2.0.dylib; path = ../../../../../../../usr/local/lib/libopencv_reg.3.2.0.dylib; sourceTree = "<group>"; };
		619EA8831F1275F2003F6510 /* libopencv_fuzzy.3.2.0.dylib */ = {isa = PBXFileReference; lastKnownFileType = "compiled.mach-o.dylib"; name = libopencv_fuzzy.3.2.0.dylib; path = ../../../../../../../usr/local/lib/libopencv_fuzzy.3.2.0.dylib; sourceTree = "<group>"; };
		619EA8841F1275F2003F6510 /* libopencv_dpm.3.2.0.dylib */ = {isa = PBXFileReference; lastKnownFileType = "compiled.mach-o.dylib"; name = libopencv_dpm.3.2.0.dylib; path = ../../../../../../../usr/local/lib/libopencv_dpm.3.2.0.dylib; sourceTree = "<group>"; };
		619EA8851F1275F2003F6510 /* libopencv_structured_light.3.2.0.dylib */ = {isa = PBXFileReference; lastKnownFileType = "compiled.mach-o.dylib"; name = libopencv_structured_light.3.2.0.dylib; path = ../../../../../../../usr/local/lib/libopencv_structured_light.3.2.0.dylib; sourceTree = "<group>"; };
		619EA8861F1275F2003F6510 /* libopencv_xobjdetect.3.2.0.dylib */ = {isa = PBXFileReference; lastKnownFileType = "compiled.mach-o.dylib"; name = libopencv_xobjdetect.3.2.0.dylib; path = ../../../../../../../usr/local/lib/libopencv_xobjdetect.3.2.0.dylib; sourceTree = "<group>"; };
		619EA8871F1275F2003F6510 /* libopencv_img_hash.3.2.0.dylib */ = {isa = PBXFileReference; lastKnownFileType = "compiled.mach-o.dylib"; name = libopencv_img_hash.3.2.0.dylib; path = ../../../../../../../usr/local/lib/libopencv_img_hash.3.2.0.dylib; sourceTree = "<group>"; };
		619EA8881F1275F2003F6510 /* libopencv_highgui.3.2.0.dylib */ = {isa = PBXFileReference; lastKnownFileType = "compiled.mach-o.dylib"; name = libopencv_highgui.3.2.0.dylib; path = ../../../../../../../usr/local/lib/libopencv_highgui.3.2.0.dylib; sourceTree = "<group>"; };
		619EA8891F1275F2003F6510 /* libopencv_bgsegm.3.2.0.dylib */ = {isa = PBXFileReference; lastKnownFileType = "compiled.mach-o.dylib"; name = libopencv_bgsegm.3.2.0.dylib; path = ../../../../../../../usr/local/lib/libopencv_bgsegm.3.2.0.dylib; sourceTree = "<group>"; };
		619EA88A1F1275F2003F6510 /* libopencv_plot.3.2.0.dylib */ = {isa = PBXFileReference; lastKnownFileType = "compiled.mach-o.dylib"; name = libopencv_plot.3.2.0.dylib; path = ../../../../../../../usr/local/lib/libopencv_plot.3.2.0.dylib; sourceTree = "<group>"; };
		619EA88B1F1275F2003F6510 /* libopencv_phase_unwrapping.3.2.0.dylib */ = {isa = PBXFileReference; lastKnownFileType = "compiled.mach-o.dylib"; name = libopencv_phase_unwrapping.3.2.0.dylib; path = ../../../../../../../usr/local/lib/libopencv_phase_unwrapping.3.2.0.dylib; sourceTree = "<group>"; };
/* End PBXFileReference section */

/* Begin PBXFrameworksBuildPhase section */
		619EA84E1F127497003F6510 /* Frameworks */ = {
			isa = PBXFrameworksBuildPhase;
			buildActionMask = 2147483647;
			files = (
				6105D1F51F3B501C0082EB92 /* Python.framework in Frameworks */,
				619EA89E1F1275F2003F6510 /* libopencv_optflow.3.2.0.dylib in Frameworks */,
				619EA8AD1F1275F2003F6510 /* libopencv_reg.3.2.0.dylib in Frameworks */,
				619EA8A11F1275F2003F6510 /* libopencv_datasets.3.2.0.dylib in Frameworks */,
				619EA8AA1F1275F2003F6510 /* libopencv_superres.3.2.0.dylib in Frameworks */,
				619EA88E1F1275F2003F6510 /* libopencv_dnn.3.2.0.dylib in Frameworks */,
				619EA8931F1275F2003F6510 /* libopencv_ximgproc.3.2.0.dylib in Frameworks */,
				619EA8961F1275F2003F6510 /* libopencv_ml.3.2.0.dylib in Frameworks */,
				619EA89D1F1275F2003F6510 /* libopencv_objdetect.3.2.0.dylib in Frameworks */,
				619EA8A81F1275F2003F6510 /* libopencv_line_descriptor.3.2.0.dylib in Frameworks */,
				619EA8A21F1275F2003F6510 /* libopencv_aruco.3.2.0.dylib in Frameworks */,
				619EA8B11F1275F2003F6510 /* libopencv_xobjdetect.3.2.0.dylib in Frameworks */,
				619EA8B21F1275F2003F6510 /* libopencv_img_hash.3.2.0.dylib in Frameworks */,
				619EA8921F1275F2003F6510 /* libopencv_calib3d.3.2.0.dylib in Frameworks */,
				619EA8911F1275F2003F6510 /* libopencv_imgcodecs.3.2.0.dylib in Frameworks */,
				619EA8AF1F1275F2003F6510 /* libopencv_dpm.3.2.0.dylib in Frameworks */,
				619EA89A1F1275F2003F6510 /* libopencv_xphoto.3.2.0.dylib in Frameworks */,
				619EA8991F1275F2003F6510 /* libopencv_rgbd.3.2.0.dylib in Frameworks */,
				619EA8A31F1275F2003F6510 /* libopencv_surface_matching.3.2.0.dylib in Frameworks */,
				619EA8A41F1275F2003F6510 /* libopencv_bioinspired.3.2.0.dylib in Frameworks */,
				619EA89C1F1275F2003F6510 /* libopencv_text.3.2.0.dylib in Frameworks */,
				619EA8B31F1275F2003F6510 /* libopencv_highgui.3.2.0.dylib in Frameworks */,
				619EA8AB1F1275F2003F6510 /* libopencv_stereo.3.2.0.dylib in Frameworks */,
				619EA8A71F1275F2003F6510 /* libopencv_shape.3.2.0.dylib in Frameworks */,
				619EA88C1F1275F2003F6510 /* libopencv_imgproc.3.2.0.dylib in Frameworks */,
				619EA8971F1275F2003F6510 /* libopencv_features2d.3.2.0.dylib in Frameworks */,
				619EA8AC1F1275F2003F6510 /* libopencv_face.3.2.0.dylib in Frameworks */,
				619EA8AE1F1275F2003F6510 /* libopencv_fuzzy.3.2.0.dylib in Frameworks */,
				619EA8B51F1275F2003F6510 /* libopencv_plot.3.2.0.dylib in Frameworks */,
				619EA8901F1275F2003F6510 /* libopencv_xfeatures2d.3.2.0.dylib in Frameworks */,
				619EA8981F1275F2003F6510 /* libopencv_ccalib.3.2.0.dylib in Frameworks */,
				619EA8A51F1275F2003F6510 /* libopencv_videostab.3.2.0.dylib in Frameworks */,
				619EA88D1F1275F2003F6510 /* libopencv_core.3.2.0.dylib in Frameworks */,
				619EA8941F1275F2003F6510 /* libopencv_photo.3.2.0.dylib in Frameworks */,
				619EA89F1F1275F2003F6510 /* libopencv_video.3.2.0.dylib in Frameworks */,
				619EA8951F1275F2003F6510 /* libosxfuse.2.dylib in Frameworks */,
				619EA8B61F1275F2003F6510 /* libopencv_phase_unwrapping.3.2.0.dylib in Frameworks */,
				619EA89B1F1275F2003F6510 /* libopencv_stitching.3.2.0.dylib in Frameworks */,
				619EA8A91F1275F2003F6510 /* libopencv_videoio.3.2.0.dylib in Frameworks */,
				619EA88F1F1275F2003F6510 /* libopencv_tracking.3.2.0.dylib in Frameworks */,
				619EA8B41F1275F2003F6510 /* libopencv_bgsegm.3.2.0.dylib in Frameworks */,
				619EA8A01F1275F2003F6510 /* libopencv_flann.3.2.0.dylib in Frameworks */,
				619EA8A61F1275F2003F6510 /* libopencv_saliency.3.2.0.dylib in Frameworks */,
				619EA8B01F1275F2003F6510 /* libopencv_structured_light.3.2.0.dylib in Frameworks */,
			);
			runOnlyForDeploymentPostprocessing = 0;
		};
/* End PBXFrameworksBuildPhase section */

/* Begin PBXGroup section */
		6105D1F31F3B501C0082EB92 /* Frameworks */ = {
			isa = PBXGroup;
			children = (
				619EA8611F1275F2003F6510 /* libopencv_imgproc.3.2.0.dylib */,
				619EA8621F1275F2003F6510 /* libopencv_core.3.2.0.dylib */,
				619EA8631F1275F2003F6510 /* libopencv_dnn.3.2.0.dylib */,
				619EA8641F1275F2003F6510 /* libopencv_tracking.3.2.0.dylib */,
				619EA8651F1275F2003F6510 /* libopencv_xfeatures2d.3.2.0.dylib */,
				619EA8661F1275F2003F6510 /* libopencv_imgcodecs.3.2.0.dylib */,
				619EA8671F1275F2003F6510 /* libopencv_calib3d.3.2.0.dylib */,
				619EA8681F1275F2003F6510 /* libopencv_ximgproc.3.2.0.dylib */,
				619EA8691F1275F2003F6510 /* libopencv_photo.3.2.0.dylib */,
				619EA86A1F1275F2003F6510 /* libosxfuse.2.dylib */,
				619EA86B1F1275F2003F6510 /* libopencv_ml.3.2.0.dylib */,
				619EA86C1F1275F2003F6510 /* libopencv_features2d.3.2.0.dylib */,
				619EA86D1F1275F2003F6510 /* libopencv_ccalib.3.2.0.dylib */,
				619EA86E1F1275F2003F6510 /* libopencv_rgbd.3.2.0.dylib */,
				619EA86F1F1275F2003F6510 /* libopencv_xphoto.3.2.0.dylib */,
				619EA8701F1275F2003F6510 /* libopencv_stitching.3.2.0.dylib */,
				619EA8711F1275F2003F6510 /* libopencv_text.3.2.0.dylib */,
				619EA8721F1275F2003F6510 /* libopencv_objdetect.3.2.0.dylib */,
				619EA8731F1275F2003F6510 /* libopencv_optflow.3.2.0.dylib */,
				619EA8741F1275F2003F6510 /* libopencv_video.3.2.0.dylib */,
				619EA8751F1275F2003F6510 /* libopencv_flann.3.2.0.dylib */,
				619EA8761F1275F2003F6510 /* libopencv_datasets.3.2.0.dylib */,
				619EA8771F1275F2003F6510 /* libopencv_aruco.3.2.0.dylib */,
				619EA8781F1275F2003F6510 /* libopencv_surface_matching.3.2.0.dylib */,
				619EA8791F1275F2003F6510 /* libopencv_bioinspired.3.2.0.dylib */,
				619EA87A1F1275F2003F6510 /* libopencv_videostab.3.2.0.dylib */,
				619EA87B1F1275F2003F6510 /* libopencv_saliency.3.2.0.dylib */,
				619EA87C1F1275F2003F6510 /* libopencv_shape.3.2.0.dylib */,
				619EA87D1F1275F2003F6510 /* libopencv_line_descriptor.3.2.0.dylib */,
				619EA87E1F1275F2003F6510 /* libopencv_videoio.3.2.0.dylib */,
				619EA87F1F1275F2003F6510 /* libopencv_superres.3.2.0.dylib */,
				619EA8801F1275F2003F6510 /* libopencv_stereo.3.2.0.dylib */,
				619EA8811F1275F2003F6510 /* libopencv_face.3.2.0.dylib */,
				619EA8821F1275F2003F6510 /* libopencv_reg.3.2.0.dylib */,
				619EA8831F1275F2003F6510 /* libopencv_fuzzy.3.2.0.dylib */,
				619EA8841F1275F2003F6510 /* libopencv_dpm.3.2.0.dylib */,
				619EA8851F1275F2003F6510 /* libopencv_structured_light.3.2.0.dylib */,
				619EA8861F1275F2003F6510 /* libopencv_xobjdetect.3.2.0.dylib */,
				619EA8871F1275F2003F6510 /* libopencv_img_hash.3.2.0.dylib */,
				619EA8881F1275F2003F6510 /* libopencv_highgui.3.2.0.dylib */,
				619EA8891F1275F2003F6510 /* libopencv_bgsegm.3.2.0.dylib */,
				619EA88A1F1275F2003F6510 /* libopencv_plot.3.2.0.dylib */,
				619EA88B1F1275F2003F6510 /* libopencv_phase_unwrapping.3.2.0.dylib */,
				6105D1F41F3B501C0082EB92 /* Python.framework */,
			);
			name = Frameworks;
			sourceTree = "<group>";
		};
		6141AA501F34CEE1004C5BE7 /* Arduino */ = {
			isa = PBXGroup;
			children = (
				6141AA621F34CF9F004C5BE7 /* Raccoon_Firmware */,
			);
			name = Arduino;
			sourceTree = "<group>";
		};
		6141AA621F34CF9F004C5BE7 /* Raccoon_Firmware */ = {
			isa = PBXGroup;
			children = (
				6141AA631F34CF9F004C5BE7 /* Adafruit_GPS.cpp */,
				6141AA641F34CF9F004C5BE7 /* Adafruit_GPS.h */,
				6141AA651F34CF9F004C5BE7 /* Compass.cpp */,
				6141AA661F34CF9F004C5BE7 /* Compass.h */,
				6141AA671F34CF9F004C5BE7 /* GpsModule.cpp */,
				6141AA681F34CF9F004C5BE7 /* GpsModule.h */,
				6141AA691F34CF9F004C5BE7 /* HMC5883L.cpp */,
				6141AA6A1F34CF9F004C5BE7 /* HMC5883L.h */,
				6141AA6B1F34CF9F004C5BE7 /* PktProtocol.cpp */,
				6141AA6C1F34CF9F004C5BE7 /* PktProtocol.h */,
				6141AA6D1F34CF9F004C5BE7 /* Raccoon_Firmware.ino */,
				6141AA6E1F34CF9F004C5BE7 /* SerialComm.cpp */,
				6141AA6F1F34CF9F004C5BE7 /* SerialComm.h */,
				6141AA701F34CF9F004C5BE7 /* StepMotor.cpp */,
				6141AA711F34CF9F004C5BE7 /* StepMotor.h */,
			);
			path = Raccoon_Firmware;
			sourceTree = "<group>";
		};
		619EA8481F127497003F6510 = {
			isa = PBXGroup;
			children = (
				6141AA501F34CEE1004C5BE7 /* Arduino */,
				6162ECCA1F2601C600285566 /* Makefile */,
				619EA8531F127497003F6510 /* Sources */,
				619EA8521F127497003F6510 /* Products */,
				6105D1F31F3B501C0082EB92 /* Frameworks */,
			);
			sourceTree = "<group>";
		};
		619EA8521F127497003F6510 /* Products */ = {
			isa = PBXGroup;
			children = (
				619EA8511F127497003F6510 /* Raccoon_Raspi */,
			);
			name = Products;
			sourceTree = "<group>";
		};
		619EA8531F127497003F6510 /* Sources */ = {
			isa = PBXGroup;
			children = (
				6162ECC91F26019000285566 /* json.hpp */,
				6190800D1F2514BC002B8DD1 /* PktProtocol.cpp */,
				6190800E1F2514BC002B8DD1 /* PktProtocol.h */,
				619EA85B1F127543003F6510 /* main.cpp */,
				619080101F25159C002B8DD1 /* UART.cpp */,
				619080111F25159C002B8DD1 /* UART.h */,
				6105D1F01F3B47610082EB92 /* PythonHttpsRequest.cpp */,
				6105D1F11F3B47610082EB92 /* PythonHttpsRequest.hpp */,
			);
			name = Sources;
			sourceTree = "<group>";
		};
/* End PBXGroup section */

/* Begin PBXNativeTarget section */
		619EA8501F127497003F6510 /* Raccoon_Raspi */ = {
			isa = PBXNativeTarget;
			buildConfigurationList = 619EA8581F127497003F6510 /* Build configuration list for PBXNativeTarget "Raccoon_Raspi" */;
			buildPhases = (
				619EA84D1F127497003F6510 /* Sources */,
				619EA84E1F127497003F6510 /* Frameworks */,
				619EA84F1F127497003F6510 /* CopyFiles */,
			);
			buildRules = (
			);
			dependencies = (
			);
			name = Raccoon_Raspi;
			productName = "Makerbot-Lanepainter";
			productReference = 619EA8511F127497003F6510 /* Raccoon_Raspi */;
			productType = "com.apple.product-type.tool";
		};
/* End PBXNativeTarget section */

/* Begin PBXProject section */
		619EA8491F127497003F6510 /* Project object */ = {
			isa = PBXProject;
			attributes = {
				LastUpgradeCheck = 0830;
				ORGANIZATIONNAME = "임휘준";
				TargetAttributes = {
					619EA8501F127497003F6510 = {
						CreatedOnToolsVersion = 8.3.3;
						DevelopmentTeam = TLN97R862N;
						ProvisioningStyle = Automatic;
					};
				};
			};
			buildConfigurationList = 619EA84C1F127497003F6510 /* Build configuration list for PBXProject "Raccoon_Raspi" */;
			compatibilityVersion = "Xcode 3.2";
			developmentRegion = English;
			hasScannedForEncodings = 0;
			knownRegions = (
				en,
			);
			mainGroup = 619EA8481F127497003F6510;
			productRefGroup = 619EA8521F127497003F6510 /* Products */;
			projectDirPath = "";
			projectRoot = "";
			targets = (
				619EA8501F127497003F6510 /* Raccoon_Raspi */,
			);
		};
/* End PBXProject section */

/* Begin PBXSourcesBuildPhase section */
		619EA84D1F127497003F6510 /* Sources */ = {
			isa = PBXSourcesBuildPhase;
			buildActionMask = 2147483647;
			files = (
				6105D1F21F3B47610082EB92 /* PythonHttpsRequest.cpp in Sources */,
				619080121F25159C002B8DD1 /* UART.cpp in Sources */,
				619EA85E1F127543003F6510 /* main.cpp in Sources */,
				6162ECCB1F2601C600285566 /* Makefile in Sources */,
				6190800F1F2514BC002B8DD1 /* PktProtocol.cpp in Sources */,
			);
			runOnlyForDeploymentPostprocessing = 0;
		};
/* End PBXSourcesBuildPhase section */

/* Begin XCBuildConfiguration section */
		619EA8561F127497003F6510 /* Debug */ = {
			isa = XCBuildConfiguration;
			buildSettings = {
				ALWAYS_SEARCH_USER_PATHS = NO;
				CLANG_ANALYZER_NONNULL = YES;
				CLANG_ANALYZER_NUMBER_OBJECT_CONVERSION = YES_AGGRESSIVE;
				CLANG_CXX_LANGUAGE_STANDARD = "gnu++0x";
				CLANG_CXX_LIBRARY = "libc++";
				CLANG_ENABLE_MODULES = YES;
				CLANG_ENABLE_OBJC_ARC = YES;
				CLANG_WARN_BOOL_CONVERSION = YES;
				CLANG_WARN_CONSTANT_CONVERSION = YES;
				CLANG_WARN_DIRECT_OBJC_ISA_USAGE = YES_ERROR;
				CLANG_WARN_DOCUMENTATION_COMMENTS = YES;
				CLANG_WARN_EMPTY_BODY = YES;
				CLANG_WARN_ENUM_CONVERSION = YES;
				CLANG_WARN_INFINITE_RECURSION = YES;
				CLANG_WARN_INT_CONVERSION = YES;
				CLANG_WARN_OBJC_ROOT_CLASS = YES_ERROR;
				CLANG_WARN_SUSPICIOUS_MOVE = YES;
				CLANG_WARN_UNREACHABLE_CODE = YES;
				CLANG_WARN__DUPLICATE_METHOD_MATCH = YES;
				CODE_SIGN_IDENTITY = "-";
				COPY_PHASE_STRIP = NO;
				DEBUG_INFORMATION_FORMAT = dwarf;
				ENABLE_STRICT_OBJC_MSGSEND = YES;
				ENABLE_TESTABILITY = YES;
				GCC_C_LANGUAGE_STANDARD = gnu99;
				GCC_DYNAMIC_NO_PIC = NO;
				GCC_NO_COMMON_BLOCKS = YES;
				GCC_OPTIMIZATION_LEVEL = 0;
				GCC_PREPROCESSOR_DEFINITIONS = (
					"DEBUG=1",
					"$(inherited)",
				);
				GCC_WARN_64_TO_32_BIT_CONVERSION = YES;
				GCC_WARN_ABOUT_RETURN_TYPE = YES_ERROR;
				GCC_WARN_UNDECLARED_SELECTOR = YES;
				GCC_WARN_UNINITIALIZED_AUTOS = YES_AGGRESSIVE;
				GCC_WARN_UNUSED_FUNCTION = YES;
				GCC_WARN_UNUSED_VARIABLE = YES;
				MACOSX_DEPLOYMENT_TARGET = 10.12;
				MTL_ENABLE_DEBUG_INFO = YES;
				ONLY_ACTIVE_ARCH = YES;
				SDKROOT = macosx;
			};
			name = Debug;
		};
		619EA8571F127497003F6510 /* Release */ = {
			isa = XCBuildConfiguration;
			buildSettings = {
				ALWAYS_SEARCH_USER_PATHS = NO;
				CLANG_ANALYZER_NONNULL = YES;
				CLANG_ANALYZER_NUMBER_OBJECT_CONVERSION = YES_AGGRESSIVE;
				CLANG_CXX_LANGUAGE_STANDARD = "gnu++0x";
				CLANG_CXX_LIBRARY = "libc++";
				CLANG_ENABLE_MODULES = YES;
				CLANG_ENABLE_OBJC_ARC = YES;
				CLANG_WARN_BOOL_CONVERSION = YES;
				CLANG_WARN_CONSTANT_CONVERSION = YES;
				CLANG_WARN_DIRECT_OBJC_ISA_USAGE = YES_ERROR;
				CLANG_WARN_DOCUMENTATION_COMMENTS = YES;
				CLANG_WARN_EMPTY_BODY = YES;
				CLANG_WARN_ENUM_CONVERSION = YES;
				CLANG_WARN_INFINITE_RECURSION = YES;
				CLANG_WARN_INT_CONVERSION = YES;
				CLANG_WARN_OBJC_ROOT_CLASS = YES_ERROR;
				CLANG_WARN_SUSPICIOUS_MOVE = YES;
				CLANG_WARN_UNREACHABLE_CODE = YES;
				CLANG_WARN__DUPLICATE_METHOD_MATCH = YES;
				CODE_SIGN_IDENTITY = "-";
				COPY_PHASE_STRIP = NO;
				DEBUG_INFORMATION_FORMAT = "dwarf-with-dsym";
				ENABLE_NS_ASSERTIONS = NO;
				ENABLE_STRICT_OBJC_MSGSEND = YES;
				GCC_C_LANGUAGE_STANDARD = gnu99;
				GCC_NO_COMMON_BLOCKS = YES;
				GCC_WARN_64_TO_32_BIT_CONVERSION = YES;
				GCC_WARN_ABOUT_RETURN_TYPE = YES_ERROR;
				GCC_WARN_UNDECLARED_SELECTOR = YES;
				GCC_WARN_UNINITIALIZED_AUTOS = YES_AGGRESSIVE;
				GCC_WARN_UNUSED_FUNCTION = YES;
				GCC_WARN_UNUSED_VARIABLE = YES;
				MACOSX_DEPLOYMENT_TARGET = 10.12;
				MTL_ENABLE_DEBUG_INFO = NO;
				SDKROOT = macosx;
			};
			name = Release;
		};
		619EA8591F127497003F6510 /* Debug */ = {
			isa = XCBuildConfiguration;
			buildSettings = {
				CLANG_WARN_DOCUMENTATION_COMMENTS = NO;
				DEVELOPMENT_TEAM = TLN97R862N;
				FRAMEWORK_SEARCH_PATHS = (
					/usr/local/lib/,
					"$(PROJECT_DIR)",
				);
				HEADER_SEARCH_PATHS = (
					/usr/local/include/,
					/usr/local/include/opencv/,
				);
				LIBRARY_SEARCH_PATHS = /usr/local/lib/;
				PRODUCT_NAME = "$(TARGET_NAME)";
			};
			name = Debug;
		};
		619EA85A1F127497003F6510 /* Release */ = {
			isa = XCBuildConfiguration;
			buildSettings = {
				CLANG_WARN_DOCUMENTATION_COMMENTS = NO;
				DEVELOPMENT_TEAM = TLN97R862N;
				FRAMEWORK_SEARCH_PATHS = (
					/usr/local/lib/,
					"$(PROJECT_DIR)",
				);
				HEADER_SEARCH_PATHS = (
					/usr/local/include/,
					/usr/local/include/opencv/,
				);
				LIBRARY_SEARCH_PATHS = /usr/local/lib/;
				PRODUCT_NAME = "$(TARGET_NAME)";
			};
			name = Release;
		};
/* End XCBuildConfiguration section */

/* Begin XCConfigurationList section */
		619EA84C1F127497003F6510 /* Build configuration list for PBXProject "Raccoon_Raspi" */ = {
			isa = XCConfigurationList;
			buildConfigurations = (
				619EA8561F127497003F6510 /* Debug */,
				619EA8571F127497003F6510 /* Release */,
			);
			defaultConfigurationIsVisible = 0;
			defaultConfigurationName = Release;
		};
		619EA8581F127497003F6510 /* Build configuration list for PBXNativeTarget "Raccoon_Raspi" */ = {
			isa = XCConfigurationList;
			buildConfigurations = (
				619EA8591F127497003F6510 /* Debug */,
				619EA85A1F127497003F6510 /* Release */,
			);
			defaultConfigurationIsVisible = 0;
			defaultConfigurationName = Release;
		};
/* End XCConfigurationList section */
	};
	rootObject = 619EA8491F127497003F6510 /* Project object */;
}
